
Microsoft Visual Studio Solution File, Format Version 12.00
# Visual Studio Version 16
VisualStudioVersion = 16.0.28803.156
MinimumVisualStudioVersion = 10.0.40219.1
Project("{9A19103F-16F7-4668-BE54-9A1E7A4F7556}") = "eDentalClinicWebAPI", "eDentalClinicWebAPI\eDentalClinicWebAPI.csproj", "{6471994C-FEA8-4D2F-81BF-E93227442CD2}"
EndProject
Project("{2150E333-8FDC-42A3-9474-1A3956D46DE8}") = "MobileApp", "MobileApp", "{6E10B675-4FB7-499B-8E74-B3B2AA69EE52}"
EndProject
Project("{2150E333-8FDC-42A3-9474-1A3956D46DE8}") = "DesktopApp", "DesktopApp", "{89A07774-AE87-45EB-9B7C-31D1AE50F285}"
EndProject
Project("{FAE04EC0-301F-11D3-BF4B-00C04F79EFBC}") = "Mobile.UWP", "Mobile\Mobile.UWP\Mobile.UWP.csproj", "{C3AEFC79-7DD5-4C8F-B6E9-0708862D9C02}"
EndProject
Project("{FAE04EC0-301F-11D3-BF4B-00C04F79EFBC}") = "Mobile.Android", "Mobile\Mobile.Android\Mobile.Android.csproj", "{4A062B97-C9B6-4ED7-AA84-9290E58E54A0}"
EndProject
Project("{FAE04EC0-301F-11D3-BF4B-00C04F79EFBC}") = "Mobile.iOS", "Mobile\Mobile.iOS\Mobile.iOS.csproj", "{A611B1EB-3D9F-45EE-949B-DD7F001492F2}"
EndProject
Project("{9A19103F-16F7-4668-BE54-9A1E7A4F7556}") = "Mobile", "Mobile\Mobile\Mobile.csproj", "{83C79533-26F8-4652-A373-EA9193DD7E9A}"
EndProject
Project("{9A19103F-16F7-4668-BE54-9A1E7A4F7556}") = "eDentalClinic.Model", "eDentalClinic.Model\eDentalClinic.Model.csproj", "{740CE05A-A238-46BE-B75A-78CDE438590F}"
EndProject
Project("{FAE04EC0-301F-11D3-BF4B-00C04F79EFBC}") = "eDentalClinic.WinUI", "eDentalClinic.WinUI\eDentalClinic.WinUI.csproj", "{5C547D99-12A5-4AA1-9445-628CF862DDA2}"
EndProject
Project("{E53339B2-1760-4266-BCC7-CA923CBCF16C}") = "docker-compose", "docker-compose.dcproj", "{C8378EC4-62F8-4271-8DC1-80D01B2CCABA}"
EndProject
Global
	GlobalSection(SolutionConfigurationPlatforms) = preSolution
		Debug|Any CPU = Debug|Any CPU
		Debug|ARM = Debug|ARM
		Debug|iPhone = Debug|iPhone
		Debug|iPhoneSimulator = Debug|iPhoneSimulator
		Debug|x64 = Debug|x64
		Debug|x86 = Debug|x86
		Release|Any CPU = Release|Any CPU
		Release|ARM = Release|ARM
		Release|iPhone = Release|iPhone
		Release|iPhoneSimulator = Release|iPhoneSimulator
		Release|x64 = Release|x64
		Release|x86 = Release|x86
	EndGlobalSection
	GlobalSection(ProjectConfigurationPlatforms) = postSolution
		{6471994C-FEA8-4D2F-81BF-E93227442CD2}.Debug|Any CPU.ActiveCfg = Debug|Any CPU
		{6471994C-FEA8-4D2F-81BF-E93227442CD2}.Debug|Any CPU.Build.0 = Debug|Any CPU
		{6471994C-FEA8-4D2F-81BF-E93227442CD2}.Debug|ARM.ActiveCfg = Debug|Any CPU
		{6471994C-FEA8-4D2F-81BF-E93227442CD2}.Debug|ARM.Build.0 = Debug|Any CPU
		{6471994C-FEA8-4D2F-81BF-E93227442CD2}.Debug|iPhone.ActiveCfg = Debug|Any CPU
		{6471994C-FEA8-4D2F-81BF-E93227442CD2}.Debug|iPhone.Build.0 = Debug|Any CPU
		{6471994C-FEA8-4D2F-81BF-E93227442CD2}.Debug|iPhoneSimulator.ActiveCfg = Debug|Any CPU
		{6471994C-FEA8-4D2F-81BF-E93227442CD2}.Debug|iPhoneSimulator.Build.0 = Debug|Any CPU
		{6471994C-FEA8-4D2F-81BF-E93227442CD2}.Debug|x64.ActiveCfg = Debug|Any CPU
		{6471994C-FEA8-4D2F-81BF-E93227442CD2}.Debug|x64.Build.0 = Debug|Any CPU
		{6471994C-FEA8-4D2F-81BF-E93227442CD2}.Debug|x86.ActiveCfg = Debug|Any CPU
		{6471994C-FEA8-4D2F-81BF-E93227442CD2}.Debug|x86.Build.0 = Debug|Any CPU
		{6471994C-FEA8-4D2F-81BF-E93227442CD2}.Release|Any CPU.ActiveCfg = Release|Any CPU
		{6471994C-FEA8-4D2F-81BF-E93227442CD2}.Release|Any CPU.Build.0 = Release|Any CPU
		{6471994C-FEA8-4D2F-81BF-E93227442CD2}.Release|ARM.ActiveCfg = Release|Any CPU
		{6471994C-FEA8-4D2F-81BF-E93227442CD2}.Release|ARM.Build.0 = Release|Any CPU
		{6471994C-FEA8-4D2F-81BF-E93227442CD2}.Release|iPhone.ActiveCfg = Release|Any CPU
		{6471994C-FEA8-4D2F-81BF-E93227442CD2}.Release|iPhone.Build.0 = Release|Any CPU
		{6471994C-FEA8-4D2F-81BF-E93227442CD2}.Release|iPhoneSimulator.ActiveCfg = Release|Any CPU
		{6471994C-FEA8-4D2F-81BF-E93227442CD2}.Release|iPhoneSimulator.Build.0 = Release|Any CPU
		{6471994C-FEA8-4D2F-81BF-E93227442CD2}.Release|x64.ActiveCfg = Release|Any CPU
		{6471994C-FEA8-4D2F-81BF-E93227442CD2}.Release|x64.Build.0 = Release|Any CPU
		{6471994C-FEA8-4D2F-81BF-E93227442CD2}.Release|x86.ActiveCfg = Release|Any CPU
		{6471994C-FEA8-4D2F-81BF-E93227442CD2}.Release|x86.Build.0 = Release|Any CPU
		{C3AEFC79-7DD5-4C8F-B6E9-0708862D9C02}.Debug|Any CPU.ActiveCfg = Debug|x86
		{C3AEFC79-7DD5-4C8F-B6E9-0708862D9C02}.Debug|Any CPU.Build.0 = Debug|x86
		{C3AEFC79-7DD5-4C8F-B6E9-0708862D9C02}.Debug|Any CPU.Deploy.0 = Debug|x86
		{C3AEFC79-7DD5-4C8F-B6E9-0708862D9C02}.Debug|ARM.ActiveCfg = Debug|ARM
		{C3AEFC79-7DD5-4C8F-B6E9-0708862D9C02}.Debug|ARM.Build.0 = Debug|ARM
		{C3AEFC79-7DD5-4C8F-B6E9-0708862D9C02}.Debug|ARM.Deploy.0 = Debug|ARM
		{C3AEFC79-7DD5-4C8F-B6E9-0708862D9C02}.Debug|iPhone.ActiveCfg = Debug|x86
		{C3AEFC79-7DD5-4C8F-B6E9-0708862D9C02}.Debug|iPhoneSimulator.ActiveCfg = Debug|x86
		{C3AEFC79-7DD5-4C8F-B6E9-0708862D9C02}.Debug|x64.ActiveCfg = Debug|x64
		{C3AEFC79-7DD5-4C8F-B6E9-0708862D9C02}.Debug|x64.Build.0 = Debug|x64
		{C3AEFC79-7DD5-4C8F-B6E9-0708862D9C02}.Debug|x64.Deploy.0 = Debug|x64
		{C3AEFC79-7DD5-4C8F-B6E9-0708862D9C02}.Debug|x86.ActiveCfg = Debug|x86
		{C3AEFC79-7DD5-4C8F-B6E9-0708862D9C02}.Debug|x86.Build.0 = Debug|x86
		{C3AEFC79-7DD5-4C8F-B6E9-0708862D9C02}.Debug|x86.Deploy.0 = Debug|x86
		{C3AEFC79-7DD5-4C8F-B6E9-0708862D9C02}.Release|Any CPU.ActiveCfg = Release|x86
		{C3AEFC79-7DD5-4C8F-B6E9-0708862D9C02}.Release|ARM.ActiveCfg = Release|ARM
		{C3AEFC79-7DD5-4C8F-B6E9-0708862D9C02}.Release|ARM.Build.0 = Release|ARM
		{C3AEFC79-7DD5-4C8F-B6E9-0708862D9C02}.Release|ARM.Deploy.0 = Release|ARM
		{C3AEFC79-7DD5-4C8F-B6E9-0708862D9C02}.Release|iPhone.ActiveCfg = Release|x86
		{C3AEFC79-7DD5-4C8F-B6E9-0708862D9C02}.Release|iPhoneSimulator.ActiveCfg = Release|x86
		{C3AEFC79-7DD5-4C8F-B6E9-0708862D9C02}.Release|x64.ActiveCfg = Release|x64
		{C3AEFC79-7DD5-4C8F-B6E9-0708862D9C02}.Release|x64.Build.0 = Release|x64
		{C3AEFC79-7DD5-4C8F-B6E9-0708862D9C02}.Release|x64.Deploy.0 = Release|x64
		{C3AEFC79-7DD5-4C8F-B6E9-0708862D9C02}.Release|x86.ActiveCfg = Release|x86
		{C3AEFC79-7DD5-4C8F-B6E9-0708862D9C02}.Release|x86.Build.0 = Release|x86
		{C3AEFC79-7DD5-4C8F-B6E9-0708862D9C02}.Release|x86.Deploy.0 = Release|x86
		{4A062B97-C9B6-4ED7-AA84-9290E58E54A0}.Debug|Any CPU.ActiveCfg = Debug|Any CPU
		{4A062B97-C9B6-4ED7-AA84-9290E58E54A0}.Debug|ARM.ActiveCfg = Debug|Any CPU
		{4A062B97-C9B6-4ED7-AA84-9290E58E54A0}.Debug|ARM.Build.0 = Debug|Any CPU
		{4A062B97-C9B6-4ED7-AA84-9290E58E54A0}.Debug|ARM.Deploy.0 = Debug|Any CPU
		{4A062B97-C9B6-4ED7-AA84-9290E58E54A0}.Debug|iPhone.ActiveCfg = Debug|Any CPU
		{4A062B97-C9B6-4ED7-AA84-9290E58E54A0}.Debug|iPhone.Build.0 = Debug|Any CPU
		{4A062B97-C9B6-4ED7-AA84-9290E58E54A0}.Debug|iPhone.Deploy.0 = Debug|Any CPU
		{4A062B97-C9B6-4ED7-AA84-9290E58E54A0}.Debug|iPhoneSimulator.ActiveCfg = Debug|Any CPU
		{4A062B97-C9B6-4ED7-AA84-9290E58E54A0}.Debug|iPhoneSimulator.Build.0 = Debug|Any CPU
		{4A062B97-C9B6-4ED7-AA84-9290E58E54A0}.Debug|iPhoneSimulator.Deploy.0 = Debug|Any CPU
		{4A062B97-C9B6-4ED7-AA84-9290E58E54A0}.Debug|x64.ActiveCfg = Debug|Any CPU
		{4A062B97-C9B6-4ED7-AA84-9290E58E54A0}.Debug|x64.Build.0 = Debug|Any CPU
		{4A062B97-C9B6-4ED7-AA84-9290E58E54A0}.Debug|x64.Deploy.0 = Debug|Any CPU
		{4A062B97-C9B6-4ED7-AA84-9290E58E54A0}.Debug|x86.ActiveCfg = Debug|Any CPU
		{4A062B97-C9B6-4ED7-AA84-9290E58E54A0}.Debug|x86.Build.0 = Debug|Any CPU
		{4A062B97-C9B6-4ED7-AA84-9290E58E54A0}.Debug|x86.Deploy.0 = Debug|Any CPU
		{4A062B97-C9B6-4ED7-AA84-9290E58E54A0}.Release|Any CPU.ActiveCfg = Release|Any CPU
		{4A062B97-C9B6-4ED7-AA84-9290E58E54A0}.Release|Any CPU.Build.0 = Release|Any CPU
		{4A062B97-C9B6-4ED7-AA84-9290E58E54A0}.Release|Any CPU.Deploy.0 = Release|Any CPU
		{4A062B97-C9B6-4ED7-AA84-9290E58E54A0}.Release|ARM.ActiveCfg = Release|Any CPU
		{4A062B97-C9B6-4ED7-AA84-9290E58E54A0}.Release|ARM.Build.0 = Release|Any CPU
		{4A062B97-C9B6-4ED7-AA84-9290E58E54A0}.Release|ARM.Deploy.0 = Release|Any CPU
		{4A062B97-C9B6-4ED7-AA84-9290E58E54A0}.Release|iPhone.ActiveCfg = Release|Any CPU
		{4A062B97-C9B6-4ED7-AA84-9290E58E54A0}.Release|iPhone.Build.0 = Release|Any CPU
		{4A062B97-C9B6-4ED7-AA84-9290E58E54A0}.Release|iPhone.Deploy.0 = Release|Any CPU
		{4A062B97-C9B6-4ED7-AA84-9290E58E54A0}.Release|iPhoneSimulator.ActiveCfg = Release|Any CPU
		{4A062B97-C9B6-4ED7-AA84-9290E58E54A0}.Release|iPhoneSimulator.Build.0 = Release|Any CPU
		{4A062B97-C9B6-4ED7-AA84-9290E58E54A0}.Release|iPhoneSimulator.Deploy.0 = Release|Any CPU
		{4A062B97-C9B6-4ED7-AA84-9290E58E54A0}.Release|x64.ActiveCfg = Release|Any CPU
		{4A062B97-C9B6-4ED7-AA84-9290E58E54A0}.Release|x64.Build.0 = Release|Any CPU
		{4A062B97-C9B6-4ED7-AA84-9290E58E54A0}.Release|x64.Deploy.0 = Release|Any CPU
		{4A062B97-C9B6-4ED7-AA84-9290E58E54A0}.Release|x86.ActiveCfg = Release|Any CPU
		{4A062B97-C9B6-4ED7-AA84-9290E58E54A0}.Release|x86.Build.0 = Release|Any CPU
		{4A062B97-C9B6-4ED7-AA84-9290E58E54A0}.Release|x86.Deploy.0 = Release|Any CPU
		{A611B1EB-3D9F-45EE-949B-DD7F001492F2}.Debug|Any CPU.ActiveCfg = Debug|iPhone
		{A611B1EB-3D9F-45EE-949B-DD7F001492F2}.Debug|ARM.ActiveCfg = Debug|iPhone
		{A611B1EB-3D9F-45EE-949B-DD7F001492F2}.Debug|iPhone.ActiveCfg = Debug|iPhone
		{A611B1EB-3D9F-45EE-949B-DD7F001492F2}.Debug|iPhone.Build.0 = Debug|iPhone
		{A611B1EB-3D9F-45EE-949B-DD7F001492F2}.Debug|iPhoneSimulator.ActiveCfg = Debug|iPhoneSimulator
		{A611B1EB-3D9F-45EE-949B-DD7F001492F2}.Debug|iPhoneSimulator.Build.0 = Debug|iPhoneSimulator
		{A611B1EB-3D9F-45EE-949B-DD7F001492F2}.Debug|x64.ActiveCfg = Debug|iPhone
		{A611B1EB-3D9F-45EE-949B-DD7F001492F2}.Debug|x86.ActiveCfg = Debug|iPhone
		{A611B1EB-3D9F-45EE-949B-DD7F001492F2}.Release|Any CPU.ActiveCfg = Release|iPhone
		{A611B1EB-3D9F-45EE-949B-DD7F001492F2}.Release|ARM.ActiveCfg = Release|iPhone
		{A611B1EB-3D9F-45EE-949B-DD7F001492F2}.Release|iPhone.ActiveCfg = Release|iPhone
		{A611B1EB-3D9F-45EE-949B-DD7F001492F2}.Release|iPhone.Build.0 = Release|iPhone
		{A611B1EB-3D9F-45EE-949B-DD7F001492F2}.Release|iPhoneSimulator.ActiveCfg = Release|iPhoneSimulator
		{A611B1EB-3D9F-45EE-949B-DD7F001492F2}.Release|iPhoneSimulator.Build.0 = Release|iPhoneSimulator
		{A611B1EB-3D9F-45EE-949B-DD7F001492F2}.Release|x64.ActiveCfg = Release|iPhone
		{A611B1EB-3D9F-45EE-949B-DD7F001492F2}.Release|x86.ActiveCfg = Release|iPhone
		{83C79533-26F8-4652-A373-EA9193DD7E9A}.Debug|Any CPU.ActiveCfg = Debug|Any CPU
		{83C79533-26F8-4652-A373-EA9193DD7E9A}.Debug|Any CPU.Build.0 = Debug|Any CPU
		{83C79533-26F8-4652-A373-EA9193DD7E9A}.Debug|ARM.ActiveCfg = Debug|Any CPU
		{83C79533-26F8-4652-A373-EA9193DD7E9A}.Debug|ARM.Build.0 = Debug|Any CPU
		{83C79533-26F8-4652-A373-EA9193DD7E9A}.Debug|iPhone.ActiveCfg = Debug|Any CPU
		{83C79533-26F8-4652-A373-EA9193DD7E9A}.Debug|iPhone.Build.0 = Debug|Any CPU
		{83C79533-26F8-4652-A373-EA9193DD7E9A}.Debug|iPhoneSimulator.ActiveCfg = Debug|Any CPU
		{83C79533-26F8-4652-A373-EA9193DD7E9A}.Debug|iPhoneSimulator.Build.0 = Debug|Any CPU
		{83C79533-26F8-4652-A373-EA9193DD7E9A}.Debug|x64.ActiveCfg = Debug|Any CPU
		{83C79533-26F8-4652-A373-EA9193DD7E9A}.Debug|x64.Build.0 = Debug|Any CPU
		{83C79533-26F8-4652-A373-EA9193DD7E9A}.Debug|x86.ActiveCfg = Debug|Any CPU
		{83C79533-26F8-4652-A373-EA9193DD7E9A}.Debug|x86.Build.0 = Debug|Any CPU
		{83C79533-26F8-4652-A373-EA9193DD7E9A}.Release|Any CPU.ActiveCfg = Release|Any CPU
		{83C79533-26F8-4652-A373-EA9193DD7E9A}.Release|Any CPU.Build.0 = Release|Any CPU
		{83C79533-26F8-4652-A373-EA9193DD7E9A}.Release|ARM.ActiveCfg = Release|Any CPU
		{83C79533-26F8-4652-A373-EA9193DD7E9A}.Release|ARM.Build.0 = Release|Any CPU
		{83C79533-26F8-4652-A373-EA9193DD7E9A}.Release|iPhone.ActiveCfg = Release|Any CPU
		{83C79533-26F8-4652-A373-EA9193DD7E9A}.Release|iPhone.Build.0 = Release|Any CPU
		{83C79533-26F8-4652-A373-EA9193DD7E9A}.Release|iPhoneSimulator.ActiveCfg = Release|Any CPU
		{83C79533-26F8-4652-A373-EA9193DD7E9A}.Release|iPhoneSimulator.Build.0 = Release|Any CPU
		{83C79533-26F8-4652-A373-EA9193DD7E9A}.Release|x64.ActiveCfg = Release|Any CPU
		{83C79533-26F8-4652-A373-EA9193DD7E9A}.Release|x64.Build.0 = Release|Any CPU
		{83C79533-26F8-4652-A373-EA9193DD7E9A}.Release|x86.ActiveCfg = Release|Any CPU
		{83C79533-26F8-4652-A373-EA9193DD7E9A}.Release|x86.Build.0 = Release|Any CPU
		{740CE05A-A238-46BE-B75A-78CDE438590F}.Debug|Any CPU.ActiveCfg = Debug|Any CPU
		{740CE05A-A238-46BE-B75A-78CDE438590F}.Debug|Any CPU.Build.0 = Debug|Any CPU
		{740CE05A-A238-46BE-B75A-78CDE438590F}.Debug|ARM.ActiveCfg = Debug|Any CPU
		{740CE05A-A238-46BE-B75A-78CDE438590F}.Debug|ARM.Build.0 = Debug|Any CPU
		{740CE05A-A238-46BE-B75A-78CDE438590F}.Debug|iPhone.ActiveCfg = Debug|Any CPU
		{740CE05A-A238-46BE-B75A-78CDE438590F}.Debug|iPhone.Build.0 = Debug|Any CPU
		{740CE05A-A238-46BE-B75A-78CDE438590F}.Debug|iPhoneSimulator.ActiveCfg = Debug|Any CPU
		{740CE05A-A238-46BE-B75A-78CDE438590F}.Debug|iPhoneSimulator.Build.0 = Debug|Any CPU
		{740CE05A-A238-46BE-B75A-78CDE438590F}.Debug|x64.ActiveCfg = Debug|Any CPU
		{740CE05A-A238-46BE-B75A-78CDE438590F}.Debug|x64.Build.0 = Debug|Any CPU
		{740CE05A-A238-46BE-B75A-78CDE438590F}.Debug|x86.ActiveCfg = Debug|Any CPU
		{740CE05A-A238-46BE-B75A-78CDE438590F}.Debug|x86.Build.0 = Debug|Any CPU
		{740CE05A-A238-46BE-B75A-78CDE438590F}.Release|Any CPU.ActiveCfg = Release|Any CPU
		{740CE05A-A238-46BE-B75A-78CDE438590F}.Release|Any CPU.Build.0 = Release|Any CPU
		{740CE05A-A238-46BE-B75A-78CDE438590F}.Release|ARM.ActiveCfg = Release|Any CPU
		{740CE05A-A238-46BE-B75A-78CDE438590F}.Release|ARM.Build.0 = Release|Any CPU
		{740CE05A-A238-46BE-B75A-78CDE438590F}.Release|iPhone.ActiveCfg = Release|Any CPU
		{740CE05A-A238-46BE-B75A-78CDE438590F}.Release|iPhone.Build.0 = Release|Any CPU
		{740CE05A-A238-46BE-B75A-78CDE438590F}.Release|iPhoneSimulator.ActiveCfg = Release|Any CPU
		{740CE05A-A238-46BE-B75A-78CDE438590F}.Release|iPhoneSimulator.Build.0 = Release|Any CPU
		{740CE05A-A238-46BE-B75A-78CDE438590F}.Release|x64.ActiveCfg = Release|Any CPU
		{740CE05A-A238-46BE-B75A-78CDE438590F}.Release|x64.Build.0 = Release|Any CPU
		{740CE05A-A238-46BE-B75A-78CDE438590F}.Release|x86.ActiveCfg = Release|Any CPU
		{740CE05A-A238-46BE-B75A-78CDE438590F}.Release|x86.Build.0 = Release|Any CPU
		{5C547D99-12A5-4AA1-9445-628CF862DDA2}.Debug|Any CPU.ActiveCfg = Debug|Any CPU
		{5C547D99-12A5-4AA1-9445-628CF862DDA2}.Debug|Any CPU.Build.0 = Debug|Any CPU
		{5C547D99-12A5-4AA1-9445-628CF862DDA2}.Debug|ARM.ActiveCfg = Debug|Any CPU
		{5C547D99-12A5-4AA1-9445-628CF862DDA2}.Debug|ARM.Build.0 = Debug|Any CPU
		{5C547D99-12A5-4AA1-9445-628CF862DDA2}.Debug|iPhone.ActiveCfg = Debug|Any CPU
		{5C547D99-12A5-4AA1-9445-628CF862DDA2}.Debug|iPhone.Build.0 = Debug|Any CPU
		{5C547D99-12A5-4AA1-9445-628CF862DDA2}.Debug|iPhoneSimulator.ActiveCfg = Debug|Any CPU
		{5C547D99-12A5-4AA1-9445-628CF862DDA2}.Debug|iPhoneSimulator.Build.0 = Debug|Any CPU
		{5C547D99-12A5-4AA1-9445-628CF862DDA2}.Debug|x64.ActiveCfg = Debug|Any CPU
		{5C547D99-12A5-4AA1-9445-628CF862DDA2}.Debug|x64.Build.0 = Debug|Any CPU
		{5C547D99-12A5-4AA1-9445-628CF862DDA2}.Debug|x86.ActiveCfg = Debug|Any CPU
		{5C547D99-12A5-4AA1-9445-628CF862DDA2}.Debug|x86.Build.0 = Debug|Any CPU
		{5C547D99-12A5-4AA1-9445-628CF862DDA2}.Release|Any CPU.ActiveCfg = Release|Any CPU
		{5C547D99-12A5-4AA1-9445-628CF862DDA2}.Release|Any CPU.Build.0 = Release|Any CPU
		{5C547D99-12A5-4AA1-9445-628CF862DDA2}.Release|ARM.ActiveCfg = Release|Any CPU
		{5C547D99-12A5-4AA1-9445-628CF862DDA2}.Release|ARM.Build.0 = Release|Any CPU
		{5C547D99-12A5-4AA1-9445-628CF862DDA2}.Release|iPhone.ActiveCfg = Release|Any CPU
		{5C547D99-12A5-4AA1-9445-628CF862DDA2}.Release|iPhone.Build.0 = Release|Any CPU
		{5C547D99-12A5-4AA1-9445-628CF862DDA2}.Release|iPhoneSimulator.ActiveCfg = Release|Any CPU
		{5C547D99-12A5-4AA1-9445-628CF862DDA2}.Release|iPhoneSimulator.Build.0 = Release|Any CPU
		{5C547D99-12A5-4AA1-9445-628CF862DDA2}.Release|x64.ActiveCfg = Release|Any CPU
		{5C547D99-12A5-4AA1-9445-628CF862DDA2}.Release|x64.Build.0 = Release|Any CPU
		{5C547D99-12A5-4AA1-9445-628CF862DDA2}.Release|x86.ActiveCfg = Release|Any CPU
		{5C547D99-12A5-4AA1-9445-628CF862DDA2}.Release|x86.Build.0 = Release|Any CPU
		{C8378EC4-62F8-4271-8DC1-80D01B2CCABA}.Debug|Any CPU.ActiveCfg = Debug|Any CPU
		{C8378EC4-62F8-4271-8DC1-80D01B2CCABA}.Debug|Any CPU.Build.0 = Debug|Any CPU
		{C8378EC4-62F8-4271-8DC1-80D01B2CCABA}.Debug|ARM.ActiveCfg = Debug|Any CPU
		{C8378EC4-62F8-4271-8DC1-80D01B2CCABA}.Debug|ARM.Build.0 = Debug|Any CPU
		{C8378EC4-62F8-4271-8DC1-80D01B2CCABA}.Debug|iPhone.ActiveCfg = Debug|Any CPU
		{C8378EC4-62F8-4271-8DC1-80D01B2CCABA}.Debug|iPhone.Build.0 = Debug|Any CPU
		{C8378EC4-62F8-4271-8DC1-80D01B2CCABA}.Debug|iPhoneSimulator.ActiveCfg = Debug|Any CPU
		{C8378EC4-62F8-4271-8DC1-80D01B2CCABA}.Debug|iPhoneSimulator.Build.0 = Debug|Any CPU
		{C8378EC4-62F8-4271-8DC1-80D01B2CCABA}.Debug|x64.ActiveCfg = Debug|Any CPU
		{C8378EC4-62F8-4271-8DC1-80D01B2CCABA}.Debug|x64.Build.0 = Debug|Any CPU
		{C8378EC4-62F8-4271-8DC1-80D01B2CCABA}.Debug|x86.ActiveCfg = Debug|Any CPU
		{C8378EC4-62F8-4271-8DC1-80D01B2CCABA}.Debug|x86.Build.0 = Debug|Any CPU
		{C8378EC4-62F8-4271-8DC1-80D01B2CCABA}.Release|Any CPU.ActiveCfg = Release|Any CPU
		{C8378EC4-62F8-4271-8DC1-80D01B2CCABA}.Release|Any CPU.Build.0 = Release|Any CPU
		{C8378EC4-62F8-4271-8DC1-80D01B2CCABA}.Release|ARM.ActiveCfg = Release|Any CPU
		{C8378EC4-62F8-4271-8DC1-80D01B2CCABA}.Release|ARM.Build.0 = Release|Any CPU
		{C8378EC4-62F8-4271-8DC1-80D01B2CCABA}.Release|iPhone.ActiveCfg = Release|Any CPU
		{C8378EC4-62F8-4271-8DC1-80D01B2CCABA}.Release|iPhone.Build.0 = Release|Any CPU
		{C8378EC4-62F8-4271-8DC1-80D01B2CCABA}.Release|iPhoneSimulator.ActiveCfg = Release|Any CPU
		{C8378EC4-62F8-4271-8DC1-80D01B2CCABA}.Release|iPhoneSimulator.Build.0 = Release|Any CPU
		{C8378EC4-62F8-4271-8DC1-80D01B2CCABA}.Release|x64.ActiveCfg = Release|Any CPU
		{C8378EC4-62F8-4271-8DC1-80D01B2CCABA}.Release|x64.Build.0 = Release|Any CPU
		{C8378EC4-62F8-4271-8DC1-80D01B2CCABA}.Release|x86.ActiveCfg = Release|Any CPU
		{C8378EC4-62F8-4271-8DC1-80D01B2CCABA}.Release|x86.Build.0 = Release|Any CPU
	EndGlobalSection
	GlobalSection(SolutionProperties) = preSolution
		HideSolutionNode = FALSE
	EndGlobalSection
	GlobalSection(NestedProjects) = preSolution
		{C3AEFC79-7DD5-4C8F-B6E9-0708862D9C02} = {6E10B675-4FB7-499B-8E74-B3B2AA69EE52}
		{4A062B97-C9B6-4ED7-AA84-9290E58E54A0} = {6E10B675-4FB7-499B-8E74-B3B2AA69EE52}
		{A611B1EB-3D9F-45EE-949B-DD7F001492F2} = {6E10B675-4FB7-499B-8E74-B3B2AA69EE52}
		{83C79533-26F8-4652-A373-EA9193DD7E9A} = {6E10B675-4FB7-499B-8E74-B3B2AA69EE52}
		{5C547D99-12A5-4AA1-9445-628CF862DDA2} = {89A07774-AE87-45EB-9B7C-31D1AE50F285}
	EndGlobalSection
	GlobalSection(ExtensibilityGlobals) = postSolution
		SolutionGuid = {AEE51B03-7AB8-49FA-AF4B-B26B62D2A510}
	EndGlobalSection
EndGlobal
